
Microsoft Visual Studio Solution File, Format Version 12.00
# Visual Studio 15
VisualStudioVersion = 15.0.27130.2027
MinimumVisualStudioVersion = 10.0.40219.1
Project("{FAE04EC0-301F-11D3-BF4B-00C04F79EFBC}") = "IT1050-Midterm", "IT1050-Midterm\IT1050-Midterm.csproj", "{1DBEC478-6009-4A9D-AF6D-328362876F94}"
EndProject
Global
	GlobalSection(SolutionConfigurationPlatforms) = preSolution
		Debug|Any CPU = Debug|Any CPU
		Release|Any CPU = Release|Any CPU
	EndGlobalSection
	GlobalSection(ProjectConfigurationPlatforms) = postSolution
		{1DBEC478-6009-4A9D-AF6D-328362876F94}.Debug|Any CPU.ActiveCfg = Debug|Any CPU
		{1DBEC478-6009-4A9D-AF6D-328362876F94}.Debug|Any CPU.Build.0 = Debug|Any CPU
		{1DBEC478-6009-4A9D-AF6D-328362876F94}.Release|Any CPU.ActiveCfg = Release|Any CPU
		{1DBEC478-6009-4A9D-AF6D-328362876F94}.Release|Any CPU.Build.0 = Release|Any CPU
	EndGlobalSection
	GlobalSection(SolutionProperties) = preSolution
		HideSolutionNode = FALSE
	EndGlobalSection
	GlobalSection(ExtensibilityGlobals) = postSolution
		SolutionGuid = {D36E95D9-159D-45B1-881E-2775EAC80EE8}
	EndGlobalSection
EndGlobal
